
Microsoft Visual Studio Solution File, Format Version 12.00
# Visual Studio 2013
Project("{FAE04EC0-301F-11D3-BF4B-00C04F79EFBC}") = "Repl.CSharp", "Repl.CSharp.csproj", "{0AD550E3-F1B9-1EF7-735A-993CD4C47492}"
EndProject
Global
	GlobalSection(SolutionConfigurationPlatforms) = preSolution
		Debug|Any CPU = Debug|Any CPU
		Release|Any CPU = Release|Any CPU
	EndGlobalSection
	GlobalSection(ProjectConfigurationPlatforms) = postSolution
		{0AD550E3-F1B9-1EF7-735A-993CD4C47492}.Debug|Any CPU.ActiveCfg = Debug|Any CPU
		{0AD550E3-F1B9-1EF7-735A-993CD4C47492}.Debug|Any CPU.Build.0 = Debug|Any CPU
		{0AD550E3-F1B9-1EF7-735A-993CD4C47492}.Release|Any CPU.ActiveCfg = Release|Any CPU
		{0AD550E3-F1B9-1EF7-735A-993CD4C47492}.Release|Any CPU.Build.0 = Release|Any CPU
	EndGlobalSection
	GlobalSection(SolutionProperties) = preSolution
		HideSolutionNode = FALSE
	EndGlobalSection
EndGlobal
